
Microsoft Visual Studio Solution File, Format Version 12.00
# Visual Studio Version 16
VisualStudioVersion = 16.0.30104.148
MinimumVisualStudioVersion = 10.0.40219.1
Project("{FAE04EC0-301F-11D3-BF4B-00C04F79EFBC}") = "Gestão_Scouting", "Gestão_Scouting.csproj", "{3886BEDE-6FDA-44A5-A213-CFBF8CE8040B}"
EndProject
Project("{2150E333-8FDC-42A3-9474-1A3956D46DE8}") = "Querys", "Querys", "{4F7AE9FD-8511-4198-A174-1F832DD0CC3C}"
	ProjectSection(SolutionItems) = preProject
		..\..\..\..\Documents\SQL Server Management Studio\Dados_Trabalho.sql = ..\..\..\..\Documents\SQL Server Management Studio\Dados_Trabalho.sql
		..\..\..\..\OneDrive - Universidade de Aveiro\Universidade\Licenciatura em Engenharia Informática\2º Ano\2º Semestre\Base de Dados\Trabalho Final\SQL Cod\Tabelas-Trabalho-Final-v6.sql = ..\..\..\..\OneDrive - Universidade de Aveiro\Universidade\Licenciatura em Engenharia Informática\2º Ano\2º Semestre\Base de Dados\Trabalho Final\SQL Cod\Tabelas-Trabalho-Final-v6.sql
	EndProjectSection
EndProject
Global
	GlobalSection(SolutionConfigurationPlatforms) = preSolution
		Debug|Any CPU = Debug|Any CPU
		Release|Any CPU = Release|Any CPU
	EndGlobalSection
	GlobalSection(ProjectConfigurationPlatforms) = postSolution
		{3886BEDE-6FDA-44A5-A213-CFBF8CE8040B}.Debug|Any CPU.ActiveCfg = Debug|Any CPU
		{3886BEDE-6FDA-44A5-A213-CFBF8CE8040B}.Debug|Any CPU.Build.0 = Debug|Any CPU
		{3886BEDE-6FDA-44A5-A213-CFBF8CE8040B}.Release|Any CPU.ActiveCfg = Release|Any CPU
		{3886BEDE-6FDA-44A5-A213-CFBF8CE8040B}.Release|Any CPU.Build.0 = Release|Any CPU
	EndGlobalSection
	GlobalSection(SolutionProperties) = preSolution
		HideSolutionNode = FALSE
	EndGlobalSection
	GlobalSection(ExtensibilityGlobals) = postSolution
		SolutionGuid = {42732293-B392-4226-883A-85375991214D}
	EndGlobalSection
EndGlobal
